// !$*UTF8*$!
{
	archiveVersion = 1;
	classes = {
	};
	objectVersion = 50;
	objects = {

/* Begin PBXBuildFile section */
		B0E9A53D24AC6AAD003B00C1 /* AppDelegate.swift in Sources */ = {isa = PBXBuildFile; fileRef = B0E9A53C24AC6AAD003B00C1 /* AppDelegate.swift */; };
		B0E9A53F24AC6AAD003B00C1 /* SceneDelegate.swift in Sources */ = {isa = PBXBuildFile; fileRef = B0E9A53E24AC6AAD003B00C1 /* SceneDelegate.swift */; };
		B0E9A54124AC6AAD003B00C1 /* ViewController.swift in Sources */ = {isa = PBXBuildFile; fileRef = B0E9A54024AC6AAD003B00C1 /* ViewController.swift */; };
		B0E9A54424AC6AAD003B00C1 /* Main.storyboard in Resources */ = {isa = PBXBuildFile; fileRef = B0E9A54224AC6AAD003B00C1 /* Main.storyboard */; };
		B0E9A54624AC6AB2003B00C1 /* Assets.xcassets in Resources */ = {isa = PBXBuildFile; fileRef = B0E9A54524AC6AB2003B00C1 /* Assets.xcassets */; };
		B0E9A54924AC6AB2003B00C1 /* LaunchScreen.storyboard in Resources */ = {isa = PBXBuildFile; fileRef = B0E9A54724AC6AB2003B00C1 /* LaunchScreen.storyboard */; };
		B0E9A55424AC6AB2003B00C1 /* RGBPickerTests.swift in Sources */ = {isa = PBXBuildFile; fileRef = B0E9A55324AC6AB2003B00C1 /* RGBPickerTests.swift */; };
		B0E9A55F24AC6AB2003B00C1 /* RGBPickerUITests.swift in Sources */ = {isa = PBXBuildFile; fileRef = B0E9A55E24AC6AB2003B00C1 /* RGBPickerUITests.swift */; };
/* End PBXBuildFile section */

/* Begin PBXContainerItemProxy section */
		B0E9A55024AC6AB2003B00C1 /* PBXContainerItemProxy */ = {
			isa = PBXContainerItemProxy;
			containerPortal = B0E9A53124AC6AAD003B00C1 /* Project object */;
			proxyType = 1;
			remoteGlobalIDString = B0E9A53824AC6AAD003B00C1;
			remoteInfo = RGBPicker;
		};
		B0E9A55B24AC6AB2003B00C1 /* PBXContainerItemProxy */ = {
			isa = PBXContainerItemProxy;
			containerPortal = B0E9A53124AC6AAD003B00C1 /* Project object */;
			proxyType = 1;
			remoteGlobalIDString = B0E9A53824AC6AAD003B00C1;
			remoteInfo = RGBPicker;
		};
/* End PBXContainerItemProxy section */

/* Begin PBXFileReference section */
		B0E9A53924AC6AAD003B00C1 /* RGBPicker.app */ = {isa = PBXFileReference; explicitFileType = wrapper.application; includeInIndex = 0; path = RGBPicker.app; sourceTree = BUILT_PRODUCTS_DIR; };
		B0E9A53C24AC6AAD003B00C1 /* AppDelegate.swift */ = {isa = PBXFileReference; lastKnownFileType = sourcecode.swift; path = AppDelegate.swift; sourceTree = "<group>"; };
		B0E9A53E24AC6AAD003B00C1 /* SceneDelegate.swift */ = {isa = PBXFileReference; lastKnownFileType = sourcecode.swift; path = SceneDelegate.swift; sourceTree = "<group>"; };
		B0E9A54024AC6AAD003B00C1 /* ViewController.swift */ = {isa = PBXFileReference; lastKnownFileType = sourcecode.swift; path = ViewController.swift; sourceTree = "<group>"; };
		B0E9A54324AC6AAD003B00C1 /* Base */ = {isa = PBXFileReference; lastKnownFileType = file.storyboard; name = Base; path = Base.lproj/Main.storyboard; sourceTree = "<group>"; };
		B0E9A54524AC6AB2003B00C1 /* Assets.xcassets */ = {isa = PBXFileReference; lastKnownFileType = folder.assetcatalog; path = Assets.xcassets; sourceTree = "<group>"; };
		B0E9A54824AC6AB2003B00C1 /* Base */ = {isa = PBXFileReference; lastKnownFileType = file.storyboard; name = Base; path = Base.lproj/LaunchScreen.storyboard; sourceTree = "<group>"; };
		B0E9A54A24AC6AB2003B00C1 /* Info.plist */ = {isa = PBXFileReference; lastKnownFileType = text.plist.xml; path = Info.plist; sourceTree = "<group>"; };
		B0E9A54F24AC6AB2003B00C1 /* RGBPickerTests.xctest */ = {isa = PBXFileReference; explicitFileType = wrapper.cfbundle; includeInIndex = 0; path = RGBPickerTests.xctest; sourceTree = BUILT_PRODUCTS_DIR; };
		B0E9A55324AC6AB2003B00C1 /* RGBPickerTests.swift */ = {isa = PBXFileReference; lastKnownFileType = sourcecode.swift; path = RGBPickerTests.swift; sourceTree = "<group>"; };
		B0E9A55524AC6AB2003B00C1 /* Info.plist */ = {isa = PBXFileReference; lastKnownFileType = text.plist.xml; path = Info.plist; sourceTree = "<group>"; };
		B0E9A55A24AC6AB2003B00C1 /* RGBPickerUITests.xctest */ = {isa = PBXFileReference; explicitFileType = wrapper.cfbundle; includeInIndex = 0; path = RGBPickerUITests.xctest; sourceTree = BUILT_PRODUCTS_DIR; };
		B0E9A55E24AC6AB2003B00C1 /* RGBPickerUITests.swift */ = {isa = PBXFileReference; lastKnownFileType = sourcecode.swift; path = RGBPickerUITests.swift; sourceTree = "<group>"; };
		B0E9A56024AC6AB2003B00C1 /* Info.plist */ = {isa = PBXFileReference; lastKnownFileType = text.plist.xml; path = Info.plist; sourceTree = "<group>"; };
/* End PBXFileReference section */

/* Begin PBXFrameworksBuildPhase section */
		B0E9A53624AC6AAD003B00C1 /* Frameworks */ = {
			isa = PBXFrameworksBuildPhase;
			buildActionMask = 2147483647;
			files = (
			);
			runOnlyForDeploymentPostprocessing = 0;
		};
		B0E9A54C24AC6AB2003B00C1 /* Frameworks */ = {
			isa = PBXFrameworksBuildPhase;
			buildActionMask = 2147483647;
			files = (
			);
			runOnlyForDeploymentPostprocessing = 0;
		};
		B0E9A55724AC6AB2003B00C1 /* Frameworks */ = {
			isa = PBXFrameworksBuildPhase;
			buildActionMask = 2147483647;
			files = (
			);
			runOnlyForDeploymentPostprocessing = 0;
		};
/* End PBXFrameworksBuildPhase section */

/* Begin PBXGroup section */
		B0E9A53024AC6AAD003B00C1 = {
			isa = PBXGroup;
			children = (
				B0E9A53B24AC6AAD003B00C1 /* RGBPicker */,
				B0E9A55224AC6AB2003B00C1 /* RGBPickerTests */,
				B0E9A55D24AC6AB2003B00C1 /* RGBPickerUITests */,
				B0E9A53A24AC6AAD003B00C1 /* Products */,
			);
			sourceTree = "<group>";
		};
		B0E9A53A24AC6AAD003B00C1 /* Products */ = {
			isa = PBXGroup;
			children = (
				B0E9A53924AC6AAD003B00C1 /* RGBPicker.app */,
				B0E9A54F24AC6AB2003B00C1 /* RGBPickerTests.xctest */,
				B0E9A55A24AC6AB2003B00C1 /* RGBPickerUITests.xctest */,
			);
			name = Products;
			sourceTree = "<group>";
		};
		B0E9A53B24AC6AAD003B00C1 /* RGBPicker */ = {
			isa = PBXGroup;
			children = (
				B0E9A53C24AC6AAD003B00C1 /* AppDelegate.swift */,
				B0E9A53E24AC6AAD003B00C1 /* SceneDelegate.swift */,
				B0E9A54024AC6AAD003B00C1 /* ViewController.swift */,
				B0E9A54224AC6AAD003B00C1 /* Main.storyboard */,
				B0E9A54524AC6AB2003B00C1 /* Assets.xcassets */,
				B0E9A54724AC6AB2003B00C1 /* LaunchScreen.storyboard */,
				B0E9A54A24AC6AB2003B00C1 /* Info.plist */,
			);
			path = RGBPicker;
			sourceTree = "<group>";
		};
		B0E9A55224AC6AB2003B00C1 /* RGBPickerTests */ = {
			isa = PBXGroup;
			children = (
				B0E9A55324AC6AB2003B00C1 /* RGBPickerTests.swift */,
				B0E9A55524AC6AB2003B00C1 /* Info.plist */,
			);
			path = RGBPickerTests;
			sourceTree = "<group>";
		};
		B0E9A55D24AC6AB2003B00C1 /* RGBPickerUITests */ = {
			isa = PBXGroup;
			children = (
				B0E9A55E24AC6AB2003B00C1 /* RGBPickerUITests.swift */,
				B0E9A56024AC6AB2003B00C1 /* Info.plist */,
			);
			path = RGBPickerUITests;
			sourceTree = "<group>";
		};
/* End PBXGroup section */

/* Begin PBXNativeTarget section */
		B0E9A53824AC6AAD003B00C1 /* RGBPicker */ = {
			isa = PBXNativeTarget;
			buildConfigurationList = B0E9A56324AC6AB2003B00C1 /* Build configuration list for PBXNativeTarget "RGBPicker" */;
			buildPhases = (
				B0E9A53524AC6AAD003B00C1 /* Sources */,
				B0E9A53624AC6AAD003B00C1 /* Frameworks */,
				B0E9A53724AC6AAD003B00C1 /* Resources */,
			);
			buildRules = (
			);
			dependencies = (
			);
			name = RGBPicker;
			productName = RGBPicker;
			productReference = B0E9A53924AC6AAD003B00C1 /* RGBPicker.app */;
			productType = "com.apple.product-type.application";
		};
		B0E9A54E24AC6AB2003B00C1 /* RGBPickerTests */ = {
			isa = PBXNativeTarget;
			buildConfigurationList = B0E9A56624AC6AB3003B00C1 /* Build configuration list for PBXNativeTarget "RGBPickerTests" */;
			buildPhases = (
				B0E9A54B24AC6AB2003B00C1 /* Sources */,
				B0E9A54C24AC6AB2003B00C1 /* Frameworks */,
				B0E9A54D24AC6AB2003B00C1 /* Resources */,
			);
			buildRules = (
			);
			dependencies = (
				B0E9A55124AC6AB2003B00C1 /* PBXTargetDependency */,
			);
			name = RGBPickerTests;
			productName = RGBPickerTests;
			productReference = B0E9A54F24AC6AB2003B00C1 /* RGBPickerTests.xctest */;
			productType = "com.apple.product-type.bundle.unit-test";
		};
		B0E9A55924AC6AB2003B00C1 /* RGBPickerUITests */ = {
			isa = PBXNativeTarget;
			buildConfigurationList = B0E9A56924AC6AB3003B00C1 /* Build configuration list for PBXNativeTarget "RGBPickerUITests" */;
			buildPhases = (
				B0E9A55624AC6AB2003B00C1 /* Sources */,
				B0E9A55724AC6AB2003B00C1 /* Frameworks */,
				B0E9A55824AC6AB2003B00C1 /* Resources */,
			);
			buildRules = (
			);
			dependencies = (
				B0E9A55C24AC6AB2003B00C1 /* PBXTargetDependency */,
			);
			name = RGBPickerUITests;
			productName = RGBPickerUITests;
			productReference = B0E9A55A24AC6AB2003B00C1 /* RGBPickerUITests.xctest */;
			productType = "com.apple.product-type.bundle.ui-testing";
		};
/* End PBXNativeTarget section */

/* Begin PBXProject section */
		B0E9A53124AC6AAD003B00C1 /* Project object */ = {
			isa = PBXProject;
			attributes = {
				LastSwiftUpdateCheck = 1150;
				LastUpgradeCheck = 1150;
				ORGANIZATIONNAME = "nao noma";
				TargetAttributes = {
					B0E9A53824AC6AAD003B00C1 = {
						CreatedOnToolsVersion = 11.5;
					};
					B0E9A54E24AC6AB2003B00C1 = {
						CreatedOnToolsVersion = 11.5;
						TestTargetID = B0E9A53824AC6AAD003B00C1;
					};
					B0E9A55924AC6AB2003B00C1 = {
						CreatedOnToolsVersion = 11.5;
						TestTargetID = B0E9A53824AC6AAD003B00C1;
					};
				};
			};
			buildConfigurationList = B0E9A53424AC6AAD003B00C1 /* Build configuration list for PBXProject "RGBPicker" */;
			compatibilityVersion = "Xcode 9.3";
			developmentRegion = en;
			hasScannedForEncodings = 0;
			knownRegions = (
				en,
				Base,
			);
			mainGroup = B0E9A53024AC6AAD003B00C1;
			productRefGroup = B0E9A53A24AC6AAD003B00C1 /* Products */;
			projectDirPath = "";
			projectRoot = "";
			targets = (
				B0E9A53824AC6AAD003B00C1 /* RGBPicker */,
				B0E9A54E24AC6AB2003B00C1 /* RGBPickerTests */,
				B0E9A55924AC6AB2003B00C1 /* RGBPickerUITests */,
			);
		};
/* End PBXProject section */

/* Begin PBXResourcesBuildPhase section */
		B0E9A53724AC6AAD003B00C1 /* Resources */ = {
			isa = PBXResourcesBuildPhase;
			buildActionMask = 2147483647;
			files = (
				B0E9A54924AC6AB2003B00C1 /* LaunchScreen.storyboard in Resources */,
				B0E9A54624AC6AB2003B00C1 /* Assets.xcassets in Resources */,
				B0E9A54424AC6AAD003B00C1 /* Main.storyboard in Resources */,
			);
			runOnlyForDeploymentPostprocessing = 0;
		};
		B0E9A54D24AC6AB2003B00C1 /* Resources */ = {
			isa = PBXResourcesBuildPhase;
			buildActionMask = 2147483647;
			files = (
			);
			runOnlyForDeploymentPostprocessing = 0;
		};
		B0E9A55824AC6AB2003B00C1 /* Resources */ = {
			isa = PBXResourcesBuildPhase;
			buildActionMask = 2147483647;
			files = (
			);
			runOnlyForDeploymentPostprocessing = 0;
		};
/* End PBXResourcesBuildPhase section */

/* Begin PBXSourcesBuildPhase section */
		B0E9A53524AC6AAD003B00C1 /* Sources */ = {
			isa = PBXSourcesBuildPhase;
			buildActionMask = 2147483647;
			files = (
				B0E9A54124AC6AAD003B00C1 /* ViewController.swift in Sources */,
				B0E9A53D24AC6AAD003B00C1 /* AppDelegate.swift in Sources */,
				B0E9A53F24AC6AAD003B00C1 /* SceneDelegate.swift in Sources */,
			);
			runOnlyForDeploymentPostprocessing = 0;
		};
		B0E9A54B24AC6AB2003B00C1 /* Sources */ = {
			isa = PBXSourcesBuildPhase;
			buildActionMask = 2147483647;
			files = (
				B0E9A55424AC6AB2003B00C1 /* RGBPickerTests.swift in Sources */,
			);
			runOnlyForDeploymentPostprocessing = 0;
		};
		B0E9A55624AC6AB2003B00C1 /* Sources */ = {
			isa = PBXSourcesBuildPhase;
			buildActionMask = 2147483647;
			files = (
				B0E9A55F24AC6AB2003B00C1 /* RGBPickerUITests.swift in Sources */,
			);
			runOnlyForDeploymentPostprocessing = 0;
		};
/* End PBXSourcesBuildPhase section */

/* Begin PBXTargetDependency section */
		B0E9A55124AC6AB2003B00C1 /* PBXTargetDependency */ = {
			isa = PBXTargetDependency;
			target = B0E9A53824AC6AAD003B00C1 /* RGBPicker */;
			targetProxy = B0E9A55024AC6AB2003B00C1 /* PBXContainerItemProxy */;
		};
		B0E9A55C24AC6AB2003B00C1 /* PBXTargetDependency */ = {
			isa = PBXTargetDependency;
			target = B0E9A53824AC6AAD003B00C1 /* RGBPicker */;
			targetProxy = B0E9A55B24AC6AB2003B00C1 /* PBXContainerItemProxy */;
		};
/* End PBXTargetDependency section */

/* Begin PBXVariantGroup section */
		B0E9A54224AC6AAD003B00C1 /* Main.storyboard */ = {
			isa = PBXVariantGroup;
			children = (
				B0E9A54324AC6AAD003B00C1 /* Base */,
			);
			name = Main.storyboard;
			sourceTree = "<group>";
		};
		B0E9A54724AC6AB2003B00C1 /* LaunchScreen.storyboard */ = {
			isa = PBXVariantGroup;
			children = (
				B0E9A54824AC6AB2003B00C1 /* Base */,
			);
			name = LaunchScreen.storyboard;
			sourceTree = "<group>";
		};
/* End PBXVariantGroup section */

/* Begin XCBuildConfiguration section */
		B0E9A56124AC6AB2003B00C1 /* Debug */ = {
			isa = XCBuildConfiguration;
			buildSettings = {
				ALWAYS_SEARCH_USER_PATHS = NO;
				CLANG_ANALYZER_NONNULL = YES;
				CLANG_ANALYZER_NUMBER_OBJECT_CONVERSION = YES_AGGRESSIVE;
				CLANG_CXX_LANGUAGE_STANDARD = "gnu++14";
				CLANG_CXX_LIBRARY = "libc++";
				CLANG_ENABLE_MODULES = YES;
				CLANG_ENABLE_OBJC_ARC = YES;
				CLANG_ENABLE_OBJC_WEAK = YES;
				CLANG_WARN_BLOCK_CAPTURE_AUTORELEASING = YES;
				CLANG_WARN_BOOL_CONVERSION = YES;
				CLANG_WARN_COMMA = YES;
				CLANG_WARN_CONSTANT_CONVERSION = YES;
				CLANG_WARN_DEPRECATED_OBJC_IMPLEMENTATIONS = YES;
				CLANG_WARN_DIRECT_OBJC_ISA_USAGE = YES_ERROR;
				CLANG_WARN_DOCUMENTATION_COMMENTS = YES;
				CLANG_WARN_EMPTY_BODY = YES;
				CLANG_WARN_ENUM_CONVERSION = YES;
				CLANG_WARN_INFINITE_RECURSION = YES;
				CLANG_WARN_INT_CONVERSION = YES;
				CLANG_WARN_NON_LITERAL_NULL_CONVERSION = YES;
				CLANG_WARN_OBJC_IMPLICIT_RETAIN_SELF = YES;
				CLANG_WARN_OBJC_LITERAL_CONVERSION = YES;
				CLANG_WARN_OBJC_ROOT_CLASS = YES_ERROR;
				CLANG_WARN_RANGE_LOOP_ANALYSIS = YES;
				CLANG_WARN_STRICT_PROTOTYPES = YES;
				CLANG_WARN_SUSPICIOUS_MOVE = YES;
				CLANG_WARN_UNGUARDED_AVAILABILITY = YES_AGGRESSIVE;
				CLANG_WARN_UNREACHABLE_CODE = YES;
				CLANG_WARN__DUPLICATE_METHOD_MATCH = YES;
				COPY_PHASE_STRIP = NO;
				DEBUG_INFORMATION_FORMAT = dwarf;
				ENABLE_STRICT_OBJC_MSGSEND = YES;
				ENABLE_TESTABILITY = YES;
				GCC_C_LANGUAGE_STANDARD = gnu11;
				GCC_DYNAMIC_NO_PIC = NO;
				GCC_NO_COMMON_BLOCKS = YES;
				GCC_OPTIMIZATION_LEVEL = 0;
				GCC_PREPROCESSOR_DEFINITIONS = (
					"DEBUG=1",
					"$(inherited)",
				);
				GCC_WARN_64_TO_32_BIT_CONVERSION = YES;
				GCC_WARN_ABOUT_RETURN_TYPE = YES_ERROR;
				GCC_WARN_UNDECLARED_SELECTOR = YES;
				GCC_WARN_UNINITIALIZED_AUTOS = YES_AGGRESSIVE;
				GCC_WARN_UNUSED_FUNCTION = YES;
				GCC_WARN_UNUSED_VARIABLE = YES;
				IPHONEOS_DEPLOYMENT_TARGET = 13.5;
				MTL_ENABLE_DEBUG_INFO = INCLUDE_SOURCE;
				MTL_FAST_MATH = YES;
				ONLY_ACTIVE_ARCH = YES;
				SDKROOT = iphoneos;
				SWIFT_ACTIVE_COMPILATION_CONDITIONS = DEBUG;
				SWIFT_OPTIMIZATION_LEVEL = "-Onone";
			};
			name = Debug;
		};
		B0E9A56224AC6AB2003B00C1 /* Release */ = {
			isa = XCBuildConfiguration;
			buildSettings = {
				ALWAYS_SEARCH_USER_PATHS = NO;
				CLANG_ANALYZER_NONNULL = YES;
				CLANG_ANALYZER_NUMBER_OBJECT_CONVERSION = YES_AGGRESSIVE;
				CLANG_CXX_LANGUAGE_STANDARD = "gnu++14";
				CLANG_CXX_LIBRARY = "libc++";
				CLANG_ENABLE_MODULES = YES;
				CLANG_ENABLE_OBJC_ARC = YES;
				CLANG_ENABLE_OBJC_WEAK = YES;
				CLANG_WARN_BLOCK_CAPTURE_AUTORELEASING = YES;
				CLANG_WARN_BOOL_CONVERSION = YES;
				CLANG_WARN_COMMA = YES;
				CLANG_WARN_CONSTANT_CONVERSION = YES;
				CLANG_WARN_DEPRECATED_OBJC_IMPLEMENTATIONS = YES;
				CLANG_WARN_DIRECT_OBJC_ISA_USAGE = YES_ERROR;
				CLANG_WARN_DOCUMENTATION_COMMENTS = YES;
				CLANG_WARN_EMPTY_BODY = YES;
				CLANG_WARN_ENUM_CONVERSION = YES;
				CLANG_WARN_INFINITE_RECURSION = YES;
				CLANG_WARN_INT_CONVERSION = YES;
				CLANG_WARN_NON_LITERAL_NULL_CONVERSION = YES;
				CLANG_WARN_OBJC_IMPLICIT_RETAIN_SELF = YES;
				CLANG_WARN_OBJC_LITERAL_CONVERSION = YES;
				CLANG_WARN_OBJC_ROOT_CLASS = YES_ERROR;
				CLANG_WARN_RANGE_LOOP_ANALYSIS = YES;
				CLANG_WARN_STRICT_PROTOTYPES = YES;
				CLANG_WARN_SUSPICIOUS_MOVE = YES;
				CLANG_WARN_UNGUARDED_AVAILABILITY = YES_AGGRESSIVE;
				CLANG_WARN_UNREACHABLE_CODE = YES;
				CLANG_WARN__DUPLICATE_METHOD_MATCH = YES;
				COPY_PHASE_STRIP = NO;
				DEBUG_INFORMATION_FORMAT = "dwarf-with-dsym";
				ENABLE_NS_ASSERTIONS = NO;
				ENABLE_STRICT_OBJC_MSGSEND = YES;
				GCC_C_LANGUAGE_STANDARD = gnu11;
				GCC_NO_COMMON_BLOCKS = YES;
				GCC_WARN_64_TO_32_BIT_CONVERSION = YES;
				GCC_WARN_ABOUT_RETURN_TYPE = YES_ERROR;
				GCC_WARN_UNDECLARED_SELECTOR = YES;
				GCC_WARN_UNINITIALIZED_AUTOS = YES_AGGRESSIVE;
				GCC_WARN_UNUSED_FUNCTION = YES;
				GCC_WARN_UNUSED_VARIABLE = YES;
				IPHONEOS_DEPLOYMENT_TARGET = 13.5;
				MTL_ENABLE_DEBUG_INFO = NO;
				MTL_FAST_MATH = YES;
				SDKROOT = iphoneos;
				SWIFT_COMPILATION_MODE = wholemodule;
				SWIFT_OPTIMIZATION_LEVEL = "-O";
				VALIDATE_PRODUCT = YES;
			};
			name = Release;
		};
		B0E9A56424AC6AB2003B00C1 /* Debug */ = {
			isa = XCBuildConfiguration;
			buildSettings = {
				ASSETCATALOG_COMPILER_APPICON_NAME = AppIcon;
				CODE_SIGN_STYLE = Automatic;
				INFOPLIST_FILE = RGBPicker/Info.plist;
				LD_RUNPATH_SEARCH_PATHS = (
					"$(inherited)",
					"@executable_path/Frameworks",
				);
				NEW_SETTING = "";
				PRODUCT_BUNDLE_IDENTIFIER = com.icloud.naonoma.1.0.RGBPicker;
				PRODUCT_NAME = "$(TARGET_NAME)";
				SWIFT_VERSION = 5.0;
				TARGETED_DEVICE_FAMILY = "1,2";
			};
			name = Debug;
		};
		B0E9A56524AC6AB2003B00C1 /* Release */ = {
			isa = XCBuildConfiguration;
			buildSettings = {
				ASSETCATALOG_COMPILER_APPICON_NAME = AppIcon;
				CODE_SIGN_STYLE = Automatic;
				INFOPLIST_FILE = RGBPicker/Info.plist;
				LD_RUNPATH_SEARCH_PATHS = (
					"$(inherited)",
					"@executable_path/Frameworks",
				);
				NEW_SETTING = "";
				PRODUCT_BUNDLE_IDENTIFIER = com.icloud.naonoma.1.0.RGBPicker;
				PRODUCT_NAME = "$(TARGET_NAME)";
				SWIFT_VERSION = 5.0;
				TARGETED_DEVICE_FAMILY = "1,2";
			};
			name = Release;
		};
		B0E9A56724AC6AB3003B00C1 /* Debug */ = {
			isa = XCBuildConfiguration;
			buildSettings = {
				ALWAYS_EMBED_SWIFT_STANDARD_LIBRARIES = YES;
				BUNDLE_LOADER = "$(TEST_HOST)";
				CODE_SIGN_STYLE = Automatic;
				INFOPLIST_FILE = RGBPickerTests/Info.plist;
				IPHONEOS_DEPLOYMENT_TARGET = 13.5;
				LD_RUNPATH_SEARCH_PATHS = (
					"$(inherited)",
					"@executable_path/Frameworks",
					"@loader_path/Frameworks",
				);
				PRODUCT_BUNDLE_IDENTIFIER = com.icloud.naonoma.1.0.RGBPickerTests;
				PRODUCT_NAME = "$(TARGET_NAME)";
				SWIFT_VERSION = 5.0;
				TARGETED_DEVICE_FAMILY = "1,2";
				TEST_HOST = "$(BUILT_PRODUCTS_DIR)/RGBPicker.app/RGBPicker";
			};
			name = Debug;
		};
		B0E9A56824AC6AB3003B00C1 /* Release */ = {
			isa = XCBuildConfiguration;
			buildSettings = {
				ALWAYS_EMBED_SWIFT_STANDARD_LIBRARIES = YES;
				BUNDLE_LOADER = "$(TEST_HOST)";
				CODE_SIGN_STYLE = Automatic;
				INFOPLIST_FILE = RGBPickerTests/Info.plist;
				IPHONEOS_DEPLOYMENT_TARGET = 13.5;
				LD_RUNPATH_SEARCH_PATHS = (
					"$(inherited)",
					"@executable_path/Frameworks",
					"@loader_path/Frameworks",
				);
				PRODUCT_BUNDLE_IDENTIFIER = com.icloud.naonoma.1.0.RGBPickerTests;
				PRODUCT_NAME = "$(TARGET_NAME)";
				SWIFT_VERSION = 5.0;
				TARGETED_DEVICE_FAMILY = "1,2";
				TEST_HOST = "$(BUILT_PRODUCTS_DIR)/RGBPicker.app/RGBPicker";
			};
			name = Release;
		};
		B0E9A56A24AC6AB3003B00C1 /* Debug */ = {
			isa = XCBuildConfiguration;
			buildSettings = {
				ALWAYS_EMBED_SWIFT_STANDARD_LIBRARIES = YES;
				CODE_SIGN_STYLE = Automatic;
				INFOPLIST_FILE = RGBPickerUITests/Info.plist;
				LD_RUNPATH_SEARCH_PATHS = (
					"$(inherited)",
					"@executable_path/Frameworks",
					"@loader_path/Frameworks",
				);
				PRODUCT_BUNDLE_IDENTIFIER = com.icloud.naonoma.1.0.RGBPickerUITests;
				PRODUCT_NAME = "$(TARGET_NAME)";
				SWIFT_VERSION = 5.0;
				TARGETED_DEVICE_FAMILY = "1,2";
				TEST_TARGET_NAME = RGBPicker;
			};
			name = Debug;
		};
		B0E9A56B24AC6AB3003B00C1 /* Release */ = {
			isa = XCBuildConfiguration;
			buildSettings = {
				ALWAYS_EMBED_SWIFT_STANDARD_LIBRARIES = YES;
				CODE_SIGN_STYLE = Automatic;
				INFOPLIST_FILE = RGBPickerUITests/Info.plist;
				LD_RUNPATH_SEARCH_PATHS = (
					"$(inherited)",
					"@executable_path/Frameworks",
					"@loader_path/Frameworks",
				);
				PRODUCT_BUNDLE_IDENTIFIER = com.icloud.naonoma.1.0.RGBPickerUITests;
				PRODUCT_NAME = "$(TARGET_NAME)";
				SWIFT_VERSION = 5.0;
				TARGETED_DEVICE_FAMILY = "1,2";
				TEST_TARGET_NAME = RGBPicker;
			};
			name = Release;
		};
/* End XCBuildConfiguration section */

/* Begin XCConfigurationList section */
		B0E9A53424AC6AAD003B00C1 /* Build configuration list for PBXProject "RGBPicker" */ = {
			isa = XCConfigurationList;
			buildConfigurations = (
				B0E9A56124AC6AB2003B00C1 /* Debug */,
				B0E9A56224AC6AB2003B00C1 /* Release */,
			);
			defaultConfigurationIsVisible = 0;
			defaultConfigurationName = Release;
		};
		B0E9A56324AC6AB2003B00C1 /* Build configuration list for PBXNativeTarget "RGBPicker" */ = {
			isa = XCConfigurationList;
			buildConfigurations = (
				B0E9A56424AC6AB2003B00C1 /* Debug */,
				B0E9A56524AC6AB2003B00C1 /* Release */,
			);
			defaultConfigurationIsVisible = 0;
			defaultConfigurationName = Release;
		};
		B0E9A56624AC6AB3003B00C1 /* Build configuration list for PBXNativeTarget "RGBPickerTests" */ = {
			isa = XCConfigurationList;
			buildConfigurations = (
				B0E9A56724AC6AB3003B00C1 /* Debug */,
				B0E9A56824AC6AB3003B00C1 /* Release */,
			);
			defaultConfigurationIsVisible = 0;
			defaultConfigurationName = Release;
		};
		B0E9A56924AC6AB3003B00C1 /* Build configuration list for PBXNativeTarget "RGBPickerUITests" */ = {
			isa = XCConfigurationList;
			buildConfigurations = (
				B0E9A56A24AC6AB3003B00C1 /* Debug */,
				B0E9A56B24AC6AB3003B00C1 /* Release */,
			);
			defaultConfigurationIsVisible = 0;
			defaultConfigurationName = Release;
		};
/* End XCConfigurationList section */
	};
	rootObject = B0E9A53124AC6AAD003B00C1 /* Project object */;
}
